// !$*UTF8*$!
{
	archiveVersion = 1;
	classes = {
	};
	objectVersion = 50;
	objects = {

/* Begin PBXBuildFile section */
		CE397A9C235EEF460001A6E2 /* AppDelegate.swift in Sources */ = {isa = PBXBuildFile; fileRef = CE397A9B235EEF460001A6E2 /* AppDelegate.swift */; };
		CE397A9E235EEF460001A6E2 /* GameScene.sks in Resources */ = {isa = PBXBuildFile; fileRef = CE397A9D235EEF460001A6E2 /* GameScene.sks */; };
		CE397AA2235EEF460001A6E2 /* GameScene.swift in Sources */ = {isa = PBXBuildFile; fileRef = CE397AA1235EEF460001A6E2 /* GameScene.swift */; };
		CE397AA4235EEF460001A6E2 /* GameViewController.swift in Sources */ = {isa = PBXBuildFile; fileRef = CE397AA3235EEF460001A6E2 /* GameViewController.swift */; };
		CE397AA7235EEF460001A6E2 /* Main.storyboard in Resources */ = {isa = PBXBuildFile; fileRef = CE397AA5235EEF460001A6E2 /* Main.storyboard */; };
		CE397AA9235EEF470001A6E2 /* Assets.xcassets in Resources */ = {isa = PBXBuildFile; fileRef = CE397AA8235EEF470001A6E2 /* Assets.xcassets */; };
		CE397AAC235EEF470001A6E2 /* LaunchScreen.storyboard in Resources */ = {isa = PBXBuildFile; fileRef = CE397AAA235EEF470001A6E2 /* LaunchScreen.storyboard */; };
		CE397AB5235EF0040001A6E2 /* whack.caf in Resources */ = {isa = PBXBuildFile; fileRef = CE397AB3235EF0040001A6E2 /* whack.caf */; };
		CE397AB6235EF0040001A6E2 /* whackBad.caf in Resources */ = {isa = PBXBuildFile; fileRef = CE397AB4235EF0040001A6E2 /* whackBad.caf */; };
		CE397AB8235EF2AC0001A6E2 /* WhackSlot.swift in Sources */ = {isa = PBXBuildFile; fileRef = CE397AB7235EF2AC0001A6E2 /* WhackSlot.swift */; };
/* End PBXBuildFile section */

/* Begin PBXFileReference section */
		CE397A98235EEF460001A6E2 /* Project 14 - Whack-A-Penguin.app */ = {isa = PBXFileReference; explicitFileType = wrapper.application; includeInIndex = 0; path = "Project 14 - Whack-A-Penguin.app"; sourceTree = BUILT_PRODUCTS_DIR; };
		CE397A9B235EEF460001A6E2 /* AppDelegate.swift */ = {isa = PBXFileReference; lastKnownFileType = sourcecode.swift; path = AppDelegate.swift; sourceTree = "<group>"; };
		CE397A9D235EEF460001A6E2 /* GameScene.sks */ = {isa = PBXFileReference; lastKnownFileType = file.sks; path = GameScene.sks; sourceTree = "<group>"; };
		CE397AA1235EEF460001A6E2 /* GameScene.swift */ = {isa = PBXFileReference; lastKnownFileType = sourcecode.swift; path = GameScene.swift; sourceTree = "<group>"; };
		CE397AA3235EEF460001A6E2 /* GameViewController.swift */ = {isa = PBXFileReference; lastKnownFileType = sourcecode.swift; path = GameViewController.swift; sourceTree = "<group>"; };
		CE397AA6235EEF460001A6E2 /* Base */ = {isa = PBXFileReference; lastKnownFileType = file.storyboard; name = Base; path = Base.lproj/Main.storyboard; sourceTree = "<group>"; };
		CE397AA8235EEF470001A6E2 /* Assets.xcassets */ = {isa = PBXFileReference; lastKnownFileType = folder.assetcatalog; path = Assets.xcassets; sourceTree = "<group>"; };
		CE397AAB235EEF470001A6E2 /* Base */ = {isa = PBXFileReference; lastKnownFileType = file.storyboard; name = Base; path = Base.lproj/LaunchScreen.storyboard; sourceTree = "<group>"; };
		CE397AAD235EEF470001A6E2 /* Info.plist */ = {isa = PBXFileReference; lastKnownFileType = text.plist.xml; path = Info.plist; sourceTree = "<group>"; };
		CE397AB3235EF0040001A6E2 /* whack.caf */ = {isa = PBXFileReference; lastKnownFileType = file; path = whack.caf; sourceTree = "<group>"; };
		CE397AB4235EF0040001A6E2 /* whackBad.caf */ = {isa = PBXFileReference; lastKnownFileType = file; path = whackBad.caf; sourceTree = "<group>"; };
		CE397AB7235EF2AC0001A6E2 /* WhackSlot.swift */ = {isa = PBXFileReference; lastKnownFileType = sourcecode.swift; path = WhackSlot.swift; sourceTree = "<group>"; };
/* End PBXFileReference section */

/* Begin PBXFrameworksBuildPhase section */
		CE397A95235EEF460001A6E2 /* Frameworks */ = {
			isa = PBXFrameworksBuildPhase;
			buildActionMask = 2147483647;
			files = (
			);
			runOnlyForDeploymentPostprocessing = 0;
		};
/* End PBXFrameworksBuildPhase section */

/* Begin PBXGroup section */
		CE397A8F235EEF460001A6E2 = {
			isa = PBXGroup;
			children = (
				CE397A9A235EEF460001A6E2 /* Project 14 - Whack-A-Penguin */,
				CE397A99235EEF460001A6E2 /* Products */,
			);
			sourceTree = "<group>";
		};
		CE397A99235EEF460001A6E2 /* Products */ = {
			isa = PBXGroup;
			children = (
				CE397A98235EEF460001A6E2 /* Project 14 - Whack-A-Penguin.app */,
			);
			name = Products;
			sourceTree = "<group>";
		};
		CE397A9A235EEF460001A6E2 /* Project 14 - Whack-A-Penguin */ = {
			isa = PBXGroup;
			children = (
				CE397A9B235EEF460001A6E2 /* AppDelegate.swift */,
				CE397A9D235EEF460001A6E2 /* GameScene.sks */,
				CE397AA1235EEF460001A6E2 /* GameScene.swift */,
				CE397AB7235EF2AC0001A6E2 /* WhackSlot.swift */,
				CE397AA3235EEF460001A6E2 /* GameViewController.swift */,
				CE397AA5235EEF460001A6E2 /* Main.storyboard */,
				CE397AA8235EEF470001A6E2 /* Assets.xcassets */,
				CE397AAA235EEF470001A6E2 /* LaunchScreen.storyboard */,
				CE397AAD235EEF470001A6E2 /* Info.plist */,
				CE397AB3235EF0040001A6E2 /* whack.caf */,
				CE397AB4235EF0040001A6E2 /* whackBad.caf */,
			);
			path = "Project 14 - Whack-A-Penguin";
			sourceTree = "<group>";
		};
/* End PBXGroup section */

/* Begin PBXNativeTarget section */
		CE397A97235EEF460001A6E2 /* Project 14 - Whack-A-Penguin */ = {
			isa = PBXNativeTarget;
			buildConfigurationList = CE397AB0235EEF470001A6E2 /* Build configuration list for PBXNativeTarget "Project 14 - Whack-A-Penguin" */;
			buildPhases = (
				CE397A94235EEF460001A6E2 /* Sources */,
				CE397A95235EEF460001A6E2 /* Frameworks */,
				CE397A96235EEF460001A6E2 /* Resources */,
			);
			buildRules = (
			);
			dependencies = (
			);
			name = "Project 14 - Whack-A-Penguin";
			productName = "Project 14 - Whack-A-Penguin";
			productReference = CE397A98235EEF460001A6E2 /* Project 14 - Whack-A-Penguin.app */;
			productType = "com.apple.product-type.application";
		};
/* End PBXNativeTarget section */

/* Begin PBXProject section */
		CE397A90235EEF460001A6E2 /* Project object */ = {
			isa = PBXProject;
			attributes = {
				LastSwiftUpdateCheck = 1100;
				LastUpgradeCheck = 1100;
				ORGANIZATIONNAME = "Sean Williams";
				TargetAttributes = {
					CE397A97235EEF460001A6E2 = {
						CreatedOnToolsVersion = 11.0;
					};
				};
			};
			buildConfigurationList = CE397A93235EEF460001A6E2 /* Build configuration list for PBXProject "Project 14 - Whack-A-Penguin" */;
			compatibilityVersion = "Xcode 9.3";
			developmentRegion = en;
			hasScannedForEncodings = 0;
			knownRegions = (
				en,
				Base,
			);
			mainGroup = CE397A8F235EEF460001A6E2;
			productRefGroup = CE397A99235EEF460001A6E2 /* Products */;
			projectDirPath = "";
			projectRoot = "";
			targets = (
				CE397A97235EEF460001A6E2 /* Project 14 - Whack-A-Penguin */,
			);
		};
/* End PBXProject section */

/* Begin PBXResourcesBuildPhase section */
		CE397A96235EEF460001A6E2 /* Resources */ = {
			isa = PBXResourcesBuildPhase;
			buildActionMask = 2147483647;
			files = (
				CE397AA7235EEF460001A6E2 /* Main.storyboard in Resources */,
				CE397AB5235EF0040001A6E2 /* whack.caf in Resources */,
				CE397A9E235EEF460001A6E2 /* GameScene.sks in Resources */,
				CE397AA9235EEF470001A6E2 /* Assets.xcassets in Resources */,
				CE397AAC235EEF470001A6E2 /* LaunchScreen.storyboard in Resources */,
				CE397AB6235EF0040001A6E2 /* whackBad.caf in Resources */,
			);
			runOnlyForDeploymentPostprocessing = 0;
		};
/* End PBXResourcesBuildPhase section */

/* Begin PBXSourcesBuildPhase section */
		CE397A94235EEF460001A6E2 /* Sources */ = {
			isa = PBXSourcesBuildPhase;
			buildActionMask = 2147483647;
			files = (
				CE397AA2235EEF460001A6E2 /* GameScene.swift in Sources */,
				CE397AA4235EEF460001A6E2 /* GameViewController.swift in Sources */,
				CE397AB8235EF2AC0001A6E2 /* WhackSlot.swift in Sources */,
				CE397A9C235EEF460001A6E2 /* AppDelegate.swift in Sources */,
			);
			runOnlyForDeploymentPostprocessing = 0;
		};
/* End PBXSourcesBuildPhase section */

/* Begin PBXVariantGroup section */
		CE397AA5235EEF460001A6E2 /* Main.storyboard */ = {
			isa = PBXVariantGroup;
			children = (
				CE397AA6235EEF460001A6E2 /* Base */,
			);
			name = Main.storyboard;
			sourceTree = "<group>";
		};
		CE397AAA235EEF470001A6E2 /* LaunchScreen.storyboard */ = {
			isa = PBXVariantGroup;
			children = (
				CE397AAB235EEF470001A6E2 /* Base */,
			);
			name = LaunchScreen.storyboard;
			sourceTree = "<group>";
		};
/* End PBXVariantGroup section */

/* Begin XCBuildConfiguration section */
		CE397AAE235EEF470001A6E2 /* Debug */ = {
			isa = XCBuildConfiguration;
			buildSettings = {
				ALWAYS_SEARCH_USER_PATHS = NO;
				CLANG_ANALYZER_NONNULL = YES;
				CLANG_ANALYZER_NUMBER_OBJECT_CONVERSION = YES_AGGRESSIVE;
				CLANG_CXX_LANGUAGE_STANDARD = "gnu++14";
				CLANG_CXX_LIBRARY = "libc++";
				CLANG_ENABLE_MODULES = YES;
				CLANG_ENABLE_OBJC_ARC = YES;
				CLANG_ENABLE_OBJC_WEAK = YES;
				CLANG_WARN_BLOCK_CAPTURE_AUTORELEASING = YES;
				CLANG_WARN_BOOL_CONVERSION = YES;
				CLANG_WARN_COMMA = YES;
				CLANG_WARN_CONSTANT_CONVERSION = YES;
				CLANG_WARN_DEPRECATED_OBJC_IMPLEMENTATIONS = YES;
				CLANG_WARN_DIRECT_OBJC_ISA_USAGE = YES_ERROR;
				CLANG_WARN_DOCUMENTATION_COMMENTS = YES;
				CLANG_WARN_EMPTY_BODY = YES;
				CLANG_WARN_ENUM_CONVERSION = YES;
				CLANG_WARN_INFINITE_RECURSION = YES;
				CLANG_WARN_INT_CONVERSION = YES;
				CLANG_WARN_NON_LITERAL_NULL_CONVERSION = YES;
				CLANG_WARN_OBJC_IMPLICIT_RETAIN_SELF = YES;
				CLANG_WARN_OBJC_LITERAL_CONVERSION = YES;
				CLANG_WARN_OBJC_ROOT_CLASS = YES_ERROR;
				CLANG_WARN_RANGE_LOOP_ANALYSIS = YES;
				CLANG_WARN_STRICT_PROTOTYPES = YES;
				CLANG_WARN_SUSPICIOUS_MOVE = YES;
				CLANG_WARN_UNGUARDED_AVAILABILITY = YES_AGGRESSIVE;
				CLANG_WARN_UNREACHABLE_CODE = YES;
				CLANG_WARN__DUPLICATE_METHOD_MATCH = YES;
				COPY_PHASE_STRIP = NO;
				DEBUG_INFORMATION_FORMAT = dwarf;
				ENABLE_STRICT_OBJC_MSGSEND = YES;
				ENABLE_TESTABILITY = YES;
				GCC_C_LANGUAGE_STANDARD = gnu11;
				GCC_DYNAMIC_NO_PIC = NO;
				GCC_NO_COMMON_BLOCKS = YES;
				GCC_OPTIMIZATION_LEVEL = 0;
				GCC_PREPROCESSOR_DEFINITIONS = (
					"DEBUG=1",
					"$(inherited)",
				);
				GCC_WARN_64_TO_32_BIT_CONVERSION = YES;
				GCC_WARN_ABOUT_RETURN_TYPE = YES_ERROR;
				GCC_WARN_UNDECLARED_SELECTOR = YES;
				GCC_WARN_UNINITIALIZED_AUTOS = YES_AGGRESSIVE;
				GCC_WARN_UNUSED_FUNCTION = YES;
				GCC_WARN_UNUSED_VARIABLE = YES;
				IPHONEOS_DEPLOYMENT_TARGET = 13.0;
				MTL_ENABLE_DEBUG_INFO = INCLUDE_SOURCE;
				MTL_FAST_MATH = YES;
				ONLY_ACTIVE_ARCH = YES;
				SDKROOT = iphoneos;
				SWIFT_ACTIVE_COMPILATION_CONDITIONS = DEBUG;
				SWIFT_OPTIMIZATION_LEVEL = "-Onone";
			};
			name = Debug;
		};
		CE397AAF235EEF470001A6E2 /* Release */ = {
			isa = XCBuildConfiguration;
			buildSettings = {
				ALWAYS_SEARCH_USER_PATHS = NO;
				CLANG_ANALYZER_NONNULL = YES;
				CLANG_ANALYZER_NUMBER_OBJECT_CONVERSION = YES_AGGRESSIVE;
				CLANG_CXX_LANGUAGE_STANDARD = "gnu++14";
				CLANG_CXX_LIBRARY = "libc++";
				CLANG_ENABLE_MODULES = YES;
				CLANG_ENABLE_OBJC_ARC = YES;
				CLANG_ENABLE_OBJC_WEAK = YES;
				CLANG_WARN_BLOCK_CAPTURE_AUTORELEASING = YES;
				CLANG_WARN_BOOL_CONVERSION = YES;
				CLANG_WARN_COMMA = YES;
				CLANG_WARN_CONSTANT_CONVERSION = YES;
				CLANG_WARN_DEPRECATED_OBJC_IMPLEMENTATIONS = YES;
				CLANG_WARN_DIRECT_OBJC_ISA_USAGE = YES_ERROR;
				CLANG_WARN_DOCUMENTATION_COMMENTS = YES;
				CLANG_WARN_EMPTY_BODY = YES;
				CLANG_WARN_ENUM_CONVERSION = YES;
				CLANG_WARN_INFINITE_RECURSION = YES;
				CLANG_WARN_INT_CONVERSION = YES;
				CLANG_WARN_NON_LITERAL_NULL_CONVERSION = YES;
				CLANG_WARN_OBJC_IMPLICIT_RETAIN_SELF = YES;
				CLANG_WARN_OBJC_LITERAL_CONVERSION = YES;
				CLANG_WARN_OBJC_ROOT_CLASS = YES_ERROR;
				CLANG_WARN_RANGE_LOOP_ANALYSIS = YES;
				CLANG_WARN_STRICT_PROTOTYPES = YES;
				CLANG_WARN_SUSPICIOUS_MOVE = YES;
				CLANG_WARN_UNGUARDED_AVAILABILITY = YES_AGGRESSIVE;
				CLANG_WARN_UNREACHABLE_CODE = YES;
				CLANG_WARN__DUPLICATE_METHOD_MATCH = YES;
				COPY_PHASE_STRIP = NO;
				DEBUG_INFORMATION_FORMAT = "dwarf-with-dsym";
				ENABLE_NS_ASSERTIONS = NO;
				ENABLE_STRICT_OBJC_MSGSEND = YES;
				GCC_C_LANGUAGE_STANDARD = gnu11;
				GCC_NO_COMMON_BLOCKS = YES;
				GCC_WARN_64_TO_32_BIT_CONVERSION = YES;
				GCC_WARN_ABOUT_RETURN_TYPE = YES_ERROR;
				GCC_WARN_UNDECLARED_SELECTOR = YES;
				GCC_WARN_UNINITIALIZED_AUTOS = YES_AGGRESSIVE;
				GCC_WARN_UNUSED_FUNCTION = YES;
				GCC_WARN_UNUSED_VARIABLE = YES;
				IPHONEOS_DEPLOYMENT_TARGET = 13.0;
				MTL_ENABLE_DEBUG_INFO = NO;
				MTL_FAST_MATH = YES;
				SDKROOT = iphoneos;
				SWIFT_COMPILATION_MODE = wholemodule;
				SWIFT_OPTIMIZATION_LEVEL = "-O";
				VALIDATE_PRODUCT = YES;
			};
			name = Release;
		};
		CE397AB1235EEF470001A6E2 /* Debug */ = {
			isa = XCBuildConfiguration;
			buildSettings = {
				ASSETCATALOG_COMPILER_APPICON_NAME = AppIcon;
				CODE_SIGN_STYLE = Automatic;
				DEVELOPMENT_TEAM = DN4729AK8V;
				INFOPLIST_FILE = "Project 14 - Whack-A-Penguin/Info.plist";
				LD_RUNPATH_SEARCH_PATHS = (
					"$(inherited)",
					"@executable_path/Frameworks",
				);
				PRODUCT_BUNDLE_IDENTIFIER = "com.seanwilliams.Project-14---Whack-A-Penguin";
				PRODUCT_NAME = "$(TARGET_NAME)";
				SWIFT_VERSION = 5.0;
				TARGETED_DEVICE_FAMILY = 2;
			};
			name = Debug;
		};
		CE397AB2235EEF470001A6E2 /* Release */ = {
			isa = XCBuildConfiguration;
			buildSettings = {
				ASSETCATALOG_COMPILER_APPICON_NAME = AppIcon;
				CODE_SIGN_STYLE = Automatic;
				DEVELOPMENT_TEAM = DN4729AK8V;
				INFOPLIST_FILE = "Project 14 - Whack-A-Penguin/Info.plist";
				LD_RUNPATH_SEARCH_PATHS = (
					"$(inherited)",
					"@executable_path/Frameworks",
				);
				PRODUCT_BUNDLE_IDENTIFIER = "com.seanwilliams.Project-14---Whack-A-Penguin";
				PRODUCT_NAME = "$(TARGET_NAME)";
				SWIFT_VERSION = 5.0;
				TARGETED_DEVICE_FAMILY = 2;
			};
			name = Release;
		};
/* End XCBuildConfiguration section */

/* Begin XCConfigurationList section */
		CE397A93235EEF460001A6E2 /* Build configuration list for PBXProject "Project 14 - Whack-A-Penguin" */ = {
			isa = XCConfigurationList;
			buildConfigurations = (
				CE397AAE235EEF470001A6E2 /* Debug */,
				CE397AAF235EEF470001A6E2 /* Release */,
			);
			defaultConfigurationIsVisible = 0;
			defaultConfigurationName = Release;
		};
		CE397AB0235EEF470001A6E2 /* Build configuration list for PBXNativeTarget "Project 14 - Whack-A-Penguin" */ = {
			isa = XCConfigurationList;
			buildConfigurations = (
				CE397AB1235EEF470001A6E2 /* Debug */,
				CE397AB2235EEF470001A6E2 /* Release */,
			);
			defaultConfigurationIsVisible = 0;
			defaultConfigurationName = Release;
		};
/* End XCConfigurationList section */
	};
	rootObject = CE397A90235EEF460001A6E2 /* Project object */;
}
